// !$*UTF8*$!
{
	archiveVersion = 1;
	classes = {
	};
	objectVersion = 56;
	objects = {

/* Begin PBXBuildFile section */
		B4B317B22B2DBB8B005FA6C4 /* FlyingEmojis.h in Headers */ = {isa = PBXBuildFile; fileRef = B4B317B12B2DBB8B005FA6C4 /* FlyingEmojis.h */; settings = {ATTRIBUTES = (Public, ); }; };
		B4B317BA2B2DBD03005FA6C4 /* ParticleAnimationView.swift in Sources */ = {isa = PBXBuildFile; fileRef = B4B317B92B2DBD03005FA6C4 /* ParticleAnimationView.swift */; };
		B4B317BE2B2DBD47005FA6C4 /* String+toImage.swift in Sources */ = {isa = PBXBuildFile; fileRef = B4B317BD2B2DBD47005FA6C4 /* String+toImage.swift */; };
		B4B317C02B2DBD5A005FA6C4 /* UIImage+averageColor.swift in Sources */ = {isa = PBXBuildFile; fileRef = B4B317BF2B2DBD5A005FA6C4 /* UIImage+averageColor.swift */; };
/* End PBXBuildFile section */

/* Begin PBXFileReference section */
		B4B317AE2B2DBB8B005FA6C4 /* FlyingEmojis.framework */ = {isa = PBXFileReference; explicitFileType = wrapper.framework; includeInIndex = 0; path = FlyingEmojis.framework; sourceTree = BUILT_PRODUCTS_DIR; };
		B4B317B12B2DBB8B005FA6C4 /* FlyingEmojis.h */ = {isa = PBXFileReference; lastKnownFileType = sourcecode.c.h; path = FlyingEmojis.h; sourceTree = "<group>"; };
		B4B317B92B2DBD03005FA6C4 /* ParticleAnimationView.swift */ = {isa = PBXFileReference; lastKnownFileType = sourcecode.swift; path = ParticleAnimationView.swift; sourceTree = "<group>"; };
		B4B317BD2B2DBD47005FA6C4 /* String+toImage.swift */ = {isa = PBXFileReference; lastKnownFileType = sourcecode.swift; path = "String+toImage.swift"; sourceTree = "<group>"; };
		B4B317BF2B2DBD5A005FA6C4 /* UIImage+averageColor.swift */ = {isa = PBXFileReference; lastKnownFileType = sourcecode.swift; path = "UIImage+averageColor.swift"; sourceTree = "<group>"; };
/* End PBXFileReference section */

/* Begin PBXFrameworksBuildPhase section */
		B4B317AB2B2DBB8B005FA6C4 /* Frameworks */ = {
			isa = PBXFrameworksBuildPhase;
			buildActionMask = 2147483647;
			files = (
			);
			runOnlyForDeploymentPostprocessing = 0;
		};
/* End PBXFrameworksBuildPhase section */

/* Begin PBXGroup section */
		B4B317A42B2DBB8B005FA6C4 = {
			isa = PBXGroup;
			children = (
				B4B317B02B2DBB8B005FA6C4 /* FlyingEmojis */,
				B4B317AF2B2DBB8B005FA6C4 /* Products */,
			);
			sourceTree = "<group>";
		};
		B4B317AF2B2DBB8B005FA6C4 /* Products */ = {
			isa = PBXGroup;
			children = (
				B4B317AE2B2DBB8B005FA6C4 /* FlyingEmojis.framework */,
			);
			name = Products;
			sourceTree = "<group>";
		};
		B4B317B02B2DBB8B005FA6C4 /* FlyingEmojis */ = {
			isa = PBXGroup;
			children = (
				B4B317BB2B2DBD2D005FA6C4 /* Extensions */,
				B4B317B82B2DBCF0005FA6C4 /* ParticleAnimationView */,
				B4B317B12B2DBB8B005FA6C4 /* FlyingEmojis.h */,
			);
			path = FlyingEmojis;
			sourceTree = "<group>";
		};
		B4B317B82B2DBCF0005FA6C4 /* ParticleAnimationView */ = {
			isa = PBXGroup;
			children = (
				B4B317B92B2DBD03005FA6C4 /* ParticleAnimationView.swift */,
			);
			path = ParticleAnimationView;
			sourceTree = "<group>";
		};
		B4B317BB2B2DBD2D005FA6C4 /* Extensions */ = {
			isa = PBXGroup;
			children = (
				B4B317BD2B2DBD47005FA6C4 /* String+toImage.swift */,
				B4B317BF2B2DBD5A005FA6C4 /* UIImage+averageColor.swift */,
			);
			path = Extensions;
			sourceTree = "<group>";
		};
/* End PBXGroup section */

/* Begin PBXHeadersBuildPhase section */
		B4B317A92B2DBB8B005FA6C4 /* Headers */ = {
			isa = PBXHeadersBuildPhase;
			buildActionMask = 2147483647;
			files = (
				B4B317B22B2DBB8B005FA6C4 /* FlyingEmojis.h in Headers */,
			);
			runOnlyForDeploymentPostprocessing = 0;
		};
/* End PBXHeadersBuildPhase section */

/* Begin PBXNativeTarget section */
		B4B317AD2B2DBB8B005FA6C4 /* FlyingEmojis */ = {
			isa = PBXNativeTarget;
			buildConfigurationList = B4B317B52B2DBB8B005FA6C4 /* Build configuration list for PBXNativeTarget "FlyingEmojis" */;
			buildPhases = (
				B4B317A92B2DBB8B005FA6C4 /* Headers */,
				B4B317AA2B2DBB8B005FA6C4 /* Sources */,
				B4B317AB2B2DBB8B005FA6C4 /* Frameworks */,
				B4B317AC2B2DBB8B005FA6C4 /* Resources */,
			);
			buildRules = (
			);
			dependencies = (
			);
			name = FlyingEmojis;
			productName = FlyingEmojis;
			productReference = B4B317AE2B2DBB8B005FA6C4 /* FlyingEmojis.framework */;
			productType = "com.apple.product-type.framework";
		};
/* End PBXNativeTarget section */

/* Begin PBXProject section */
		B4B317A52B2DBB8B005FA6C4 /* Project object */ = {
			isa = PBXProject;
			attributes = {
				BuildIndependentTargetsInParallel = 1;
				LastUpgradeCheck = 1420;
				TargetAttributes = {
					B4B317AD2B2DBB8B005FA6C4 = {
						CreatedOnToolsVersion = 14.2;
						LastSwiftMigration = 1420;
					};
				};
			};
			buildConfigurationList = B4B317A82B2DBB8B005FA6C4 /* Build configuration list for PBXProject "FlyingEmojis" */;
			compatibilityVersion = "Xcode 14.0";
			developmentRegion = en;
			hasScannedForEncodings = 0;
			knownRegions = (
				en,
				Base,
			);
			mainGroup = B4B317A42B2DBB8B005FA6C4;
			productRefGroup = B4B317AF2B2DBB8B005FA6C4 /* Products */;
			projectDirPath = "";
			projectRoot = "";
			targets = (
				B4B317AD2B2DBB8B005FA6C4 /* FlyingEmojis */,
			);
		};
/* End PBXProject section */

/* Begin PBXResourcesBuildPhase section */
		B4B317AC2B2DBB8B005FA6C4 /* Resources */ = {
			isa = PBXResourcesBuildPhase;
			buildActionMask = 2147483647;
			files = (
			);
			runOnlyForDeploymentPostprocessing = 0;
		};
/* End PBXResourcesBuildPhase section */

/* Begin PBXSourcesBuildPhase section */
		B4B317AA2B2DBB8B005FA6C4 /* Sources */ = {
			isa = PBXSourcesBuildPhase;
			buildActionMask = 2147483647;
			files = (
				B4B317BA2B2DBD03005FA6C4 /* ParticleAnimationView.swift in Sources */,
				B4B317C02B2DBD5A005FA6C4 /* UIImage+averageColor.swift in Sources */,
				B4B317BE2B2DBD47005FA6C4 /* String+toImage.swift in Sources */,
			);
			runOnlyForDeploymentPostprocessing = 0;
		};
/* End PBXSourcesBuildPhase section */

/* Begin XCBuildConfiguration section */
		B4B317B32B2DBB8B005FA6C4 /* Debug */ = {
			isa = XCBuildConfiguration;
			buildSettings = {
				ALWAYS_SEARCH_USER_PATHS = NO;
				CLANG_ANALYZER_NONNULL = YES;
				CLANG_ANALYZER_NUMBER_OBJECT_CONVERSION = YES_AGGRESSIVE;
				CLANG_CXX_LANGUAGE_STANDARD = "gnu++20";
				CLANG_ENABLE_MODULES = YES;
				CLANG_ENABLE_OBJC_ARC = YES;
				CLANG_ENABLE_OBJC_WEAK = YES;
				CLANG_WARN_BLOCK_CAPTURE_AUTORELEASING = YES;
				CLANG_WARN_BOOL_CONVERSION = YES;
				CLANG_WARN_COMMA = YES;
				CLANG_WARN_CONSTANT_CONVERSION = YES;
				CLANG_WARN_DEPRECATED_OBJC_IMPLEMENTATIONS = YES;
				CLANG_WARN_DIRECT_OBJC_ISA_USAGE = YES_ERROR;
				CLANG_WARN_DOCUMENTATION_COMMENTS = YES;
				CLANG_WARN_EMPTY_BODY = YES;
				CLANG_WARN_ENUM_CONVERSION = YES;
				CLANG_WARN_INFINITE_RECURSION = YES;
				CLANG_WARN_INT_CONVERSION = YES;
				CLANG_WARN_NON_LITERAL_NULL_CONVERSION = YES;
				CLANG_WARN_OBJC_IMPLICIT_RETAIN_SELF = YES;
				CLANG_WARN_OBJC_LITERAL_CONVERSION = YES;
				CLANG_WARN_OBJC_ROOT_CLASS = YES_ERROR;
				CLANG_WARN_QUOTED_INCLUDE_IN_FRAMEWORK_HEADER = YES;
				CLANG_WARN_RANGE_LOOP_ANALYSIS = YES;
				CLANG_WARN_STRICT_PROTOTYPES = YES;
				CLANG_WARN_SUSPICIOUS_MOVE = YES;
				CLANG_WARN_UNGUARDED_AVAILABILITY = YES_AGGRESSIVE;
				CLANG_WARN_UNREACHABLE_CODE = YES;
				CLANG_WARN__DUPLICATE_METHOD_MATCH = YES;
				COPY_PHASE_STRIP = NO;
				CURRENT_PROJECT_VERSION = 1;
				DEBUG_INFORMATION_FORMAT = dwarf;
				ENABLE_STRICT_OBJC_MSGSEND = YES;
				ENABLE_TESTABILITY = YES;
				GCC_C_LANGUAGE_STANDARD = gnu11;
				GCC_DYNAMIC_NO_PIC = NO;
				GCC_NO_COMMON_BLOCKS = YES;
				GCC_OPTIMIZATION_LEVEL = 0;
				GCC_PREPROCESSOR_DEFINITIONS = (
					"DEBUG=1",
					"$(inherited)",
				);
				GCC_WARN_64_TO_32_BIT_CONVERSION = YES;
				GCC_WARN_ABOUT_RETURN_TYPE = YES_ERROR;
				GCC_WARN_UNDECLARED_SELECTOR = YES;
				GCC_WARN_UNINITIALIZED_AUTOS = YES_AGGRESSIVE;
				GCC_WARN_UNUSED_FUNCTION = YES;
				GCC_WARN_UNUSED_VARIABLE = YES;
				IPHONEOS_DEPLOYMENT_TARGET = 13.0;
				MTL_ENABLE_DEBUG_INFO = INCLUDE_SOURCE;
				MTL_FAST_MATH = YES;
				ONLY_ACTIVE_ARCH = YES;
				SDKROOT = iphoneos;
				SWIFT_ACTIVE_COMPILATION_CONDITIONS = DEBUG;
				SWIFT_OPTIMIZATION_LEVEL = "-Onone";
				VERSIONING_SYSTEM = "apple-generic";
				VERSION_INFO_PREFIX = "";
			};
			name = Debug;
		};
		B4B317B42B2DBB8B005FA6C4 /* Release */ = {
			isa = XCBuildConfiguration;
			buildSettings = {
				ALWAYS_SEARCH_USER_PATHS = NO;
				CLANG_ANALYZER_NONNULL = YES;
				CLANG_ANALYZER_NUMBER_OBJECT_CONVERSION = YES_AGGRESSIVE;
				CLANG_CXX_LANGUAGE_STANDARD = "gnu++20";
				CLANG_ENABLE_MODULES = YES;
				CLANG_ENABLE_OBJC_ARC = YES;
				CLANG_ENABLE_OBJC_WEAK = YES;
				CLANG_WARN_BLOCK_CAPTURE_AUTORELEASING = YES;
				CLANG_WARN_BOOL_CONVERSION = YES;
				CLANG_WARN_COMMA = YES;
				CLANG_WARN_CONSTANT_CONVERSION = YES;
				CLANG_WARN_DEPRECATED_OBJC_IMPLEMENTATIONS = YES;
				CLANG_WARN_DIRECT_OBJC_ISA_USAGE = YES_ERROR;
				CLANG_WARN_DOCUMENTATION_COMMENTS = YES;
				CLANG_WARN_EMPTY_BODY = YES;
				CLANG_WARN_ENUM_CONVERSION = YES;
				CLANG_WARN_INFINITE_RECURSION = YES;
				CLANG_WARN_INT_CONVERSION = YES;
				CLANG_WARN_NON_LITERAL_NULL_CONVERSION = YES;
				CLANG_WARN_OBJC_IMPLICIT_RETAIN_SELF = YES;
				CLANG_WARN_OBJC_LITERAL_CONVERSION = YES;
				CLANG_WARN_OBJC_ROOT_CLASS = YES_ERROR;
				CLANG_WARN_QUOTED_INCLUDE_IN_FRAMEWORK_HEADER = YES;
				CLANG_WARN_RANGE_LOOP_ANALYSIS = YES;
				CLANG_WARN_STRICT_PROTOTYPES = YES;
				CLANG_WARN_SUSPICIOUS_MOVE = YES;
				CLANG_WARN_UNGUARDED_AVAILABILITY = YES_AGGRESSIVE;
				CLANG_WARN_UNREACHABLE_CODE = YES;
				CLANG_WARN__DUPLICATE_METHOD_MATCH = YES;
				COPY_PHASE_STRIP = NO;
				CURRENT_PROJECT_VERSION = 1;
				DEBUG_INFORMATION_FORMAT = "dwarf-with-dsym";
				ENABLE_NS_ASSERTIONS = NO;
				ENABLE_STRICT_OBJC_MSGSEND = YES;
				GCC_C_LANGUAGE_STANDARD = gnu11;
				GCC_NO_COMMON_BLOCKS = YES;
				GCC_WARN_64_TO_32_BIT_CONVERSION = YES;
				GCC_WARN_ABOUT_RETURN_TYPE = YES_ERROR;
				GCC_WARN_UNDECLARED_SELECTOR = YES;
				GCC_WARN_UNINITIALIZED_AUTOS = YES_AGGRESSIVE;
				GCC_WARN_UNUSED_FUNCTION = YES;
				GCC_WARN_UNUSED_VARIABLE = YES;
				IPHONEOS_DEPLOYMENT_TARGET = 13.0;
				MTL_ENABLE_DEBUG_INFO = NO;
				MTL_FAST_MATH = YES;
				SDKROOT = iphoneos;
				SWIFT_COMPILATION_MODE = wholemodule;
				SWIFT_OPTIMIZATION_LEVEL = "-O";
				VALIDATE_PRODUCT = YES;
				VERSIONING_SYSTEM = "apple-generic";
				VERSION_INFO_PREFIX = "";
			};
			name = Release;
		};
		B4B317B62B2DBB8B005FA6C4 /* Debug */ = {
			isa = XCBuildConfiguration;
			buildSettings = {
				BUILD_LIBRARY_FOR_DISTRIBUTION = YES;
				CLANG_ENABLE_MODULES = YES;
				CODE_SIGN_STYLE = Automatic;
				CURRENT_PROJECT_VERSION = 1;
				DEFINES_MODULE = YES;
				DEVELOPMENT_TEAM = K76H2H6746;
				DYLIB_COMPATIBILITY_VERSION = 1;
				DYLIB_CURRENT_VERSION = 1;
				DYLIB_INSTALL_NAME_BASE = "@rpath";
				GENERATE_INFOPLIST_FILE = YES;
				INFOPLIST_KEY_NSHumanReadableCopyright = "";
				INSTALL_PATH = "$(LOCAL_LIBRARY_DIR)/Frameworks";
				LD_RUNPATH_SEARCH_PATHS = (
					"$(inherited)",
					"@executable_path/Frameworks",
					"@loader_path/Frameworks",
				);
				MARKETING_VERSION = 1.0;
				PRODUCT_BUNDLE_IDENTIFIER = repco.FlyingEmojis;
				PRODUCT_NAME = "$(TARGET_NAME:c99extidentifier)";
				SKIP_INSTALL = YES;
				SWIFT_EMIT_LOC_STRINGS = YES;
				SWIFT_OPTIMIZATION_LEVEL = "-Onone";
				SWIFT_VERSION = 5.0;
				TARGETED_DEVICE_FAMILY = "1,2";
			};
			name = Debug;
		};
		B4B317B72B2DBB8B005FA6C4 /* Release */ = {
			isa = XCBuildConfiguration;
			buildSettings = {
				BUILD_LIBRARY_FOR_DISTRIBUTION = YES;
				CLANG_ENABLE_MODULES = YES;
				CODE_SIGN_STYLE = Automatic;
				CURRENT_PROJECT_VERSION = 1;
				DEFINES_MODULE = YES;
				DEVELOPMENT_TEAM = K76H2H6746;
				DYLIB_COMPATIBILITY_VERSION = 1;
				DYLIB_CURRENT_VERSION = 1;
				DYLIB_INSTALL_NAME_BASE = "@rpath";
				GENERATE_INFOPLIST_FILE = YES;
				INFOPLIST_KEY_NSHumanReadableCopyright = "";
				INSTALL_PATH = "$(LOCAL_LIBRARY_DIR)/Frameworks";
				LD_RUNPATH_SEARCH_PATHS = (
					"$(inherited)",
					"@executable_path/Frameworks",
					"@loader_path/Frameworks",
				);
				MARKETING_VERSION = 1.0;
				PRODUCT_BUNDLE_IDENTIFIER = repco.FlyingEmojis;
				PRODUCT_NAME = "$(TARGET_NAME:c99extidentifier)";
				SKIP_INSTALL = YES;
				SWIFT_EMIT_LOC_STRINGS = YES;
				SWIFT_VERSION = 5.0;
				TARGETED_DEVICE_FAMILY = "1,2";
			};
			name = Release;
		};
/* End XCBuildConfiguration section */

/* Begin XCConfigurationList section */
		B4B317A82B2DBB8B005FA6C4 /* Build configuration list for PBXProject "FlyingEmojis" */ = {
			isa = XCConfigurationList;
			buildConfigurations = (
				B4B317B32B2DBB8B005FA6C4 /* Debug */,
				B4B317B42B2DBB8B005FA6C4 /* Release */,
			);
			defaultConfigurationIsVisible = 0;
			defaultConfigurationName = Release;
		};
		B4B317B52B2DBB8B005FA6C4 /* Build configuration list for PBXNativeTarget "FlyingEmojis" */ = {
			isa = XCConfigurationList;
			buildConfigurations = (
				B4B317B62B2DBB8B005FA6C4 /* Debug */,
				B4B317B72B2DBB8B005FA6C4 /* Release */,
			);
			defaultConfigurationIsVisible = 0;
			defaultConfigurationName = Release;
		};
/* End XCConfigurationList section */
	};
	rootObject = B4B317A52B2DBB8B005FA6C4 /* Project object */;
}
